// !$*UTF8*$!
{
	archiveVersion = 1;
	classes = {
	};
	objectVersion = 46;
	objects = {

/* Begin PBXBuildFile section */
		1765B92C18E2372700035E87 /* Foundation.framework in Frameworks */ = {isa = PBXBuildFile; fileRef = 1765B92B18E2372700035E87 /* Foundation.framework */; };
		1765B92E18E2372700035E87 /* CoreGraphics.framework in Frameworks */ = {isa = PBXBuildFile; fileRef = 1765B92D18E2372700035E87 /* CoreGraphics.framework */; };
		1765B93018E2372700035E87 /* UIKit.framework in Frameworks */ = {isa = PBXBuildFile; fileRef = 1765B92F18E2372700035E87 /* UIKit.framework */; };
		1765B93618E2372700035E87 /* InfoPlist.strings in Resources */ = {isa = PBXBuildFile; fileRef = 1765B93418E2372700035E87 /* InfoPlist.strings */; };
		1765B93818E2372700035E87 /* main.m in Sources */ = {isa = PBXBuildFile; fileRef = 1765B93718E2372700035E87 /* main.m */; };
		1765B93C18E2372700035E87 /* TADAppDelegate.m in Sources */ = {isa = PBXBuildFile; fileRef = 1765B93B18E2372700035E87 /* TADAppDelegate.m */; };
		1765B93F18E2372700035E87 /* Main.storyboard in Resources */ = {isa = PBXBuildFile; fileRef = 1765B93D18E2372700035E87 /* Main.storyboard */; };
		1765B94218E2372700035E87 /* TADViewController.m in Sources */ = {isa = PBXBuildFile; fileRef = 1765B94118E2372700035E87 /* TADViewController.m */; };
		1765B94418E2372700035E87 /* Images.xcassets in Resources */ = {isa = PBXBuildFile; fileRef = 1765B94318E2372700035E87 /* Images.xcassets */; };
		1765B94B18E2372700035E87 /* XCTest.framework in Frameworks */ = {isa = PBXBuildFile; fileRef = 1765B94A18E2372700035E87 /* XCTest.framework */; };
		1765B94C18E2372700035E87 /* Foundation.framework in Frameworks */ = {isa = PBXBuildFile; fileRef = 1765B92B18E2372700035E87 /* Foundation.framework */; };
		1765B94D18E2372700035E87 /* UIKit.framework in Frameworks */ = {isa = PBXBuildFile; fileRef = 1765B92F18E2372700035E87 /* UIKit.framework */; };
		1765B95518E2372700035E87 /* InfoPlist.strings in Resources */ = {isa = PBXBuildFile; fileRef = 1765B95318E2372700035E87 /* InfoPlist.strings */; };
		1765B95718E2372700035E87 /* iOXtremeFinalTests.m in Sources */ = {isa = PBXBuildFile; fileRef = 1765B95618E2372700035E87 /* iOXtremeFinalTests.m */; };
		1765B96A18E2415B00035E87 /* TADOpcionesViewController.m in Sources */ = {isa = PBXBuildFile; fileRef = 1765B96918E2415B00035E87 /* TADOpcionesViewController.m */; };
		1765B97F18E2561900035E87 /* TADLeccionViewController.m in Sources */ = {isa = PBXBuildFile; fileRef = 1765B97E18E2561900035E87 /* TADLeccionViewController.m */; };
		1765B98218E2562700035E87 /* TADVideoViewController.m in Sources */ = {isa = PBXBuildFile; fileRef = 1765B98118E2562700035E87 /* TADVideoViewController.m */; };
		1765B98518E2563200035E87 /* TADColoresViewController.m in Sources */ = {isa = PBXBuildFile; fileRef = 1765B98418E2563200035E87 /* TADColoresViewController.m */; };
		DD34B85018FF4F38006E29B7 /* personajes_final.png in Resources */ = {isa = PBXBuildFile; fileRef = DD34B84F18FF4F38006E29B7 /* personajes_final.png */; };
		DD34B85318FF5045006E29B7 /* biodiversidad_letrero.png in Resources */ = {isa = PBXBuildFile; fileRef = DD34B85218FF5045006E29B7 /* biodiversidad_letrero.png */; };
		DD34B85718FF50E2006E29B7 /* agua_letrero.png in Resources */ = {isa = PBXBuildFile; fileRef = DD34B85418FF50E2006E29B7 /* agua_letrero.png */; };
		DD34B85818FF50E2006E29B7 /* reciclaje_letrero.png in Resources */ = {isa = PBXBuildFile; fileRef = DD34B85518FF50E2006E29B7 /* reciclaje_letrero.png */; };
		DD34B85918FF50E2006E29B7 /* renovables_letrero.png in Resources */ = {isa = PBXBuildFile; fileRef = DD34B85618FF50E2006E29B7 /* renovables_letrero.png */; };
		DD34B85B18FF5329006E29B7 /* titulo_boton.png in Resources */ = {isa = PBXBuildFile; fileRef = DD34B85A18FF5329006E29B7 /* titulo_boton.png */; };
		DD34B85D18FF5661006E29B7 /* sobreNosotros.png in Resources */ = {isa = PBXBuildFile; fileRef = DD34B85C18FF5661006E29B7 /* sobreNosotros.png */; };
		DD34B87818FF7DEB006E29B7 /* cuentaCuentos.png in Resources */ = {isa = PBXBuildFile; fileRef = DD34B87718FF7DEB006E29B7 /* cuentaCuentos.png */; };
		DD34B87A18FF8425006E29B7 /* colorear.png in Resources */ = {isa = PBXBuildFile; fileRef = DD34B87918FF8425006E29B7 /* colorear.png */; };
		DD34B87C18FF8951006E29B7 /* leccion.png in Resources */ = {isa = PBXBuildFile; fileRef = DD34B87B18FF8951006E29B7 /* leccion.png */; };
		DD34B89518FF9647006E29B7 /* fondoAgua.png in Resources */ = {isa = PBXBuildFile; fileRef = DD34B89118FF9647006E29B7 /* fondoAgua.png */; };
		DD34B89618FF9647006E29B7 /* fondoBiodiversidad.png in Resources */ = {isa = PBXBuildFile; fileRef = DD34B89218FF9647006E29B7 /* fondoBiodiversidad.png */; };
		DD34B89718FF9647006E29B7 /* fondoReciclaje.png in Resources */ = {isa = PBXBuildFile; fileRef = DD34B89318FF9647006E29B7 /* fondoReciclaje.png */; };
		DD34B89818FF9647006E29B7 /* fondoRenovables.png in Resources */ = {isa = PBXBuildFile; fileRef = DD34B89418FF9647006E29B7 /* fondoRenovables.png */; };
		DD34B8A718FF9AB1006E29B7 /* menuAgua.png in Resources */ = {isa = PBXBuildFile; fileRef = DD34B8A218FF9AB1006E29B7 /* menuAgua.png */; };
		DD34B8A818FF9AB1006E29B7 /* menuBiodiversidad.png in Resources */ = {isa = PBXBuildFile; fileRef = DD34B8A318FF9AB1006E29B7 /* menuBiodiversidad.png */; };
		DD34B8A918FF9AB1006E29B7 /* menuHome.png in Resources */ = {isa = PBXBuildFile; fileRef = DD34B8A418FF9AB1006E29B7 /* menuHome.png */; };
		DD34B8AA18FF9AB1006E29B7 /* menuReciclaje.png in Resources */ = {isa = PBXBuildFile; fileRef = DD34B8A518FF9AB1006E29B7 /* menuReciclaje.png */; };
		DD34B8AB18FF9AB1006E29B7 /* menuRenovables.png in Resources */ = {isa = PBXBuildFile; fileRef = DD34B8A618FF9AB1006E29B7 /* menuRenovables.png */; };
		DD34B8AE18FFB577006E29B7 /* TADSobreNosotrosViewController.m in Sources */ = {isa = PBXBuildFile; fileRef = DD34B8AD18FFB577006E29B7 /* TADSobreNosotrosViewController.m */; };
		DD34B8B118FFB60F006E29B7 /* colorFondo.png in Resources */ = {isa = PBXBuildFile; fileRef = DD34B8B018FFB60F006E29B7 /* colorFondo.png */; };
		DD34B8FB1902339B006E29B7 /* crayolaBeige.png in Resources */ = {isa = PBXBuildFile; fileRef = DD34B8ED1902339B006E29B7 /* crayolaBeige.png */; };
		DD34B8FC1902339B006E29B7 /* crayolaBlack.png in Resources */ = {isa = PBXBuildFile; fileRef = DD34B8EE1902339B006E29B7 /* crayolaBlack.png */; };
		DD34B8FD1902339B006E29B7 /* crayolaBlue.png in Resources */ = {isa = PBXBuildFile; fileRef = DD34B8EF1902339B006E29B7 /* crayolaBlue.png */; };
		DD34B8FE1902339B006E29B7 /* crayolaBrown.png in Resources */ = {isa = PBXBuildFile; fileRef = DD34B8F01902339B006E29B7 /* crayolaBrown.png */; };
		DD34B8FF1902339B006E29B7 /* crayolaGreen.png in Resources */ = {isa = PBXBuildFile; fileRef = DD34B8F11902339B006E29B7 /* crayolaGreen.png */; };
		DD34B9001902339B006E29B7 /* crayolaGrey.png in Resources */ = {isa = PBXBuildFile; fileRef = DD34B8F21902339B006E29B7 /* crayolaGrey.png */; };
		DD34B9011902339B006E29B7 /* crayolaLime.png in Resources */ = {isa = PBXBuildFile; fileRef = DD34B8F31902339B006E29B7 /* crayolaLime.png */; };
		DD34B9021902339B006E29B7 /* crayolaOrange.png in Resources */ = {isa = PBXBuildFile; fileRef = DD34B8F41902339B006E29B7 /* crayolaOrange.png */; };
		DD34B9031902339B006E29B7 /* crayolaPink.png in Resources */ = {isa = PBXBuildFile; fileRef = DD34B8F51902339B006E29B7 /* crayolaPink.png */; };
		DD34B9041902339B006E29B7 /* crayolaPurple.png in Resources */ = {isa = PBXBuildFile; fileRef = DD34B8F61902339B006E29B7 /* crayolaPurple.png */; };
		DD34B9051902339B006E29B7 /* crayolaRed.png in Resources */ = {isa = PBXBuildFile; fileRef = DD34B8F71902339B006E29B7 /* crayolaRed.png */; };
		DD34B9061902339B006E29B7 /* crayolaSky.png in Resources */ = {isa = PBXBuildFile; fileRef = DD34B8F81902339B006E29B7 /* crayolaSky.png */; };
		DD34B9071902339B006E29B7 /* crayolaWhite.png in Resources */ = {isa = PBXBuildFile; fileRef = DD34B8F91902339B006E29B7 /* crayolaWhite.png */; };
		DD34B9081902339B006E29B7 /* crayolaYellow.png in Resources */ = {isa = PBXBuildFile; fileRef = DD34B8FA1902339B006E29B7 /* crayolaYellow.png */; };
		DD34B90F1902456F006E29B7 /* icon.png in Resources */ = {isa = PBXBuildFile; fileRef = DD34B90E1902456F006E29B7 /* icon.png */; };
		DD34B91E19036112006E29B7 /* actividadAguaTransparente.png in Resources */ = {isa = PBXBuildFile; fileRef = DD34B91A19036112006E29B7 /* actividadAguaTransparente.png */; };
		DD34B92019036112006E29B7 /* actividadEnergiasTransparente.png in Resources */ = {isa = PBXBuildFile; fileRef = DD34B91C19036112006E29B7 /* actividadEnergiasTransparente.png */; };
		DD34B92119036112006E29B7 /* actividadReciclajeTransparente.png in Resources */ = {isa = PBXBuildFile; fileRef = DD34B91D19036112006E29B7 /* actividadReciclajeTransparente.png */; };
		DD34B92319036385006E29B7 /* actividadBiodiversidadTransparente.png in Resources */ = {isa = PBXBuildFile; fileRef = DD34B92219036385006E29B7 /* actividadBiodiversidadTransparente.png */; };
		DD5B549918E5C6C60016251E /* Tema.m in Sources */ = {isa = PBXBuildFile; fileRef = DD5B549818E5C6C60016251E /* Tema.m */; };
		DD69AB7019144A45006B129D /* robot.png in Resources */ = {isa = PBXBuildFile; fileRef = DD69AB6F19144A45006B129D /* robot.png */; };
		DD69AB7219144BAE006B129D /* biodiversidad_video.png in Resources */ = {isa = PBXBuildFile; fileRef = DD69AB7119144BAE006B129D /* biodiversidad_video.png */; };
		DD69AB7619144D05006B129D /* agua_video.png in Resources */ = {isa = PBXBuildFile; fileRef = DD69AB7319144D05006B129D /* agua_video.png */; };
		DD69AB7719144D05006B129D /* energias_video.png in Resources */ = {isa = PBXBuildFile; fileRef = DD69AB7419144D05006B129D /* energias_video.png */; };
		DD69AB7819144D05006B129D /* reciclaje_video.png in Resources */ = {isa = PBXBuildFile; fileRef = DD69AB7519144D05006B129D /* reciclaje_video.png */; };
		DD69AB9E19161D59006B129D /* TADPageContentViewController.m in Sources */ = {isa = PBXBuildFile; fileRef = DD69AB9D19161D59006B129D /* TADPageContentViewController.m */; };
		DD69ABAF19162D8E006B129D /* agua1.png in Resources */ = {isa = PBXBuildFile; fileRef = DD69ABAD19162D8E006B129D /* agua1.png */; };
		DD69ABB019162D8E006B129D /* agua2.png in Resources */ = {isa = PBXBuildFile; fileRef = DD69ABAE19162D8E006B129D /* agua2.png */; };
		DD69ABB319162E27006B129D /* agua3.png in Resources */ = {isa = PBXBuildFile; fileRef = DD69ABB119162E27006B129D /* agua3.png */; };
		DD69ABBA19162EB3006B129D /* agua4.png in Resources */ = {isa = PBXBuildFile; fileRef = DD69ABB919162EB3006B129D /* agua4.png */; };
		DD69ABCE1916D5B8006B129D /* Childrens.mp3 in Resources */ = {isa = PBXBuildFile; fileRef = DD69ABCD1916D5B8006B129D /* Childrens.mp3 */; };
		DD69ABCF1916D5B8006B129D /* Childrens.mp3 in Resources */ = {isa = PBXBuildFile; fileRef = DD69ABCD1916D5B8006B129D /* Childrens.mp3 */; };
		DD69ABD11916D641006B129D /* AVFoundation.framework in Frameworks */ = {isa = PBXBuildFile; fileRef = DD69ABD01916D641006B129D /* AVFoundation.framework */; };
		DD69AC1B1916EF03006B129D /* reciclaje1.png in Resources */ = {isa = PBXBuildFile; fileRef = DD69AC171916EF03006B129D /* reciclaje1.png */; };
		DD69AC1C1916EF03006B129D /* reciclaje1.png in Resources */ = {isa = PBXBuildFile; fileRef = DD69AC171916EF03006B129D /* reciclaje1.png */; };
		DD69AC1F1916EF03006B129D /* reciclaje3.png in Resources */ = {isa = PBXBuildFile; fileRef = DD69AC191916EF03006B129D /* reciclaje3.png */; };
		DD69AC201916EF03006B129D /* reciclaje3.png in Resources */ = {isa = PBXBuildFile; fileRef = DD69AC191916EF03006B129D /* reciclaje3.png */; };
		DD69AC211916EF03006B129D /* reciclaje4.png in Resources */ = {isa = PBXBuildFile; fileRef = DD69AC1A1916EF03006B129D /* reciclaje4.png */; };
		DD69AC221916EF03006B129D /* reciclaje4.png in Resources */ = {isa = PBXBuildFile; fileRef = DD69AC1A1916EF03006B129D /* reciclaje4.png */; };
		DD69AC241916EF8C006B129D /* reciclaje2.png in Resources */ = {isa = PBXBuildFile; fileRef = DD69AC231916EF8C006B129D /* reciclaje2.png */; };
		DD69AC251916EF8C006B129D /* reciclaje2.png in Resources */ = {isa = PBXBuildFile; fileRef = DD69AC231916EF8C006B129D /* reciclaje2.png */; };
		DD69AC291916F35C006B129D /* home.png in Resources */ = {isa = PBXBuildFile; fileRef = DD69AC261916F35C006B129D /* home.png */; };
		DD69AC2A1916F35C006B129D /* home.png in Resources */ = {isa = PBXBuildFile; fileRef = DD69AC261916F35C006B129D /* home.png */; };
		DD69AC2B1916F35C006B129D /* save.png in Resources */ = {isa = PBXBuildFile; fileRef = DD69AC271916F35C006B129D /* save.png */; };
		DD69AC2C1916F35C006B129D /* save.png in Resources */ = {isa = PBXBuildFile; fileRef = DD69AC271916F35C006B129D /* save.png */; };
		DD69AC2D1916F35C006B129D /* arrow.png in Resources */ = {isa = PBXBuildFile; fileRef = DD69AC281916F35C006B129D /* arrow.png */; };
		DD69AC2E1916F35C006B129D /* arrow.png in Resources */ = {isa = PBXBuildFile; fileRef = DD69AC281916F35C006B129D /* arrow.png */; };
		DD69AC301916F3DA006B129D /* reload.png in Resources */ = {isa = PBXBuildFile; fileRef = DD69AC2F1916F3DA006B129D /* reload.png */; };
		DD69AC311916F3DA006B129D /* reload.png in Resources */ = {isa = PBXBuildFile; fileRef = DD69AC2F1916F3DA006B129D /* reload.png */; };
		DD69AC331916F5EF006B129D /* audio.png in Resources */ = {isa = PBXBuildFile; fileRef = DD69AC321916F5EF006B129D /* audio.png */; };
		DD69AC341916F5EF006B129D /* audio.png in Resources */ = {isa = PBXBuildFile; fileRef = DD69AC321916F5EF006B129D /* audio.png */; };
		DD69AC391916F7C0006B129D /* sponsors.png in Resources */ = {isa = PBXBuildFile; fileRef = DD69AC381916F7C0006B129D /* sponsors.png */; };
		DD69AC3A1916F7C0006B129D /* sponsors.png in Resources */ = {isa = PBXBuildFile; fileRef = DD69AC381916F7C0006B129D /* sponsors.png */; };
		DD69AC401918153B006B129D /* MediaPlayer.framework in Frameworks */ = {isa = PBXBuildFile; fileRef = DD69AC3F1918153B006B129D /* MediaPlayer.framework */; };
		DD69AC4D19181C0A006B129D /* Reciclaje2.m4a in Resources */ = {isa = PBXBuildFile; fileRef = DD69AC4519181A90006B129D /* Reciclaje2.m4a */; };
		DD69AC4E19181C0A006B129D /* Reciclaje3.m4a in Resources */ = {isa = PBXBuildFile; fileRef = DD69AC4619181A90006B129D /* Reciclaje3.m4a */; };
		DD69AC4F19181C0A006B129D /* Reciclaje4.m4a in Resources */ = {isa = PBXBuildFile; fileRef = DD69AC4719181A90006B129D /* Reciclaje4.m4a */; };
		DD69AC5319182D8A006B129D /* biodiversidad1.png in Resources */ = {isa = PBXBuildFile; fileRef = DD69AC5019182D8A006B129D /* biodiversidad1.png */; };
		DD69AC5419182D8A006B129D /* biodiversidad1.png in Resources */ = {isa = PBXBuildFile; fileRef = DD69AC5019182D8A006B129D /* biodiversidad1.png */; };
		DD69AC5519182D8A006B129D /* biodiversidad2.png in Resources */ = {isa = PBXBuildFile; fileRef = DD69AC5119182D8A006B129D /* biodiversidad2.png */; };
		DD69AC5619182D8A006B129D /* biodiversidad2.png in Resources */ = {isa = PBXBuildFile; fileRef = DD69AC5119182D8A006B129D /* biodiversidad2.png */; };
		DD69AC5719182D8A006B129D /* biodiversidad3.png in Resources */ = {isa = PBXBuildFile; fileRef = DD69AC5219182D8A006B129D /* biodiversidad3.png */; };
		DD69AC5819182D8A006B129D /* biodiversidad3.png in Resources */ = {isa = PBXBuildFile; fileRef = DD69AC5219182D8A006B129D /* biodiversidad3.png */; };
		DD69AC6219182EE3006B129D /* energias1.png in Resources */ = {isa = PBXBuildFile; fileRef = DD69AC5C19182EE3006B129D /* energias1.png */; };
		DD69AC6319182EE3006B129D /* energias1.png in Resources */ = {isa = PBXBuildFile; fileRef = DD69AC5C19182EE3006B129D /* energias1.png */; };
		DD69AC6419182EE3006B129D /* energias2.png in Resources */ = {isa = PBXBuildFile; fileRef = DD69AC5D19182EE3006B129D /* energias2.png */; };
		DD69AC6519182EE3006B129D /* energias2.png in Resources */ = {isa = PBXBuildFile; fileRef = DD69AC5D19182EE3006B129D /* energias2.png */; };
		DD69AC6619182EE3006B129D /* energias3.png in Resources */ = {isa = PBXBuildFile; fileRef = DD69AC5E19182EE3006B129D /* energias3.png */; };
		DD69AC6719182EE3006B129D /* energias3.png in Resources */ = {isa = PBXBuildFile; fileRef = DD69AC5E19182EE3006B129D /* energias3.png */; };
		DD69AC6819182EE3006B129D /* energias4.png in Resources */ = {isa = PBXBuildFile; fileRef = DD69AC5F19182EE3006B129D /* energias4.png */; };
		DD69AC6919182EE3006B129D /* energias4.png in Resources */ = {isa = PBXBuildFile; fileRef = DD69AC5F19182EE3006B129D /* energias4.png */; };
		DD69AC6A19182EE3006B129D /* energias5.png in Resources */ = {isa = PBXBuildFile; fileRef = DD69AC6019182EE3006B129D /* energias5.png */; };
		DD69AC6B19182EE3006B129D /* energias5.png in Resources */ = {isa = PBXBuildFile; fileRef = DD69AC6019182EE3006B129D /* energias5.png */; };
		DD69AC6C19182EE3006B129D /* energias6.png in Resources */ = {isa = PBXBuildFile; fileRef = DD69AC6119182EE3006B129D /* energias6.png */; };
		DD69AC6D19182EE3006B129D /* energias6.png in Resources */ = {isa = PBXBuildFile; fileRef = DD69AC6119182EE3006B129D /* energias6.png */; };
		DD69AC751918A4C9006B129D /* Energias1.m4a in Resources */ = {isa = PBXBuildFile; fileRef = DD69AC6F1918A4B4006B129D /* Energias1.m4a */; };
		DD69AC761918A4C9006B129D /* Energias2.m4a in Resources */ = {isa = PBXBuildFile; fileRef = DD69AC701918A4B4006B129D /* Energias2.m4a */; };
		DD69AC791918A4C9006B129D /* Energias5.m4a in Resources */ = {isa = PBXBuildFile; fileRef = DD69AC731918A4B4006B129D /* Energias5.m4a */; };
		DD69AC7A1918A4C9006B129D /* Energias6.m4a in Resources */ = {isa = PBXBuildFile; fileRef = DD69AC741918A4B4006B129D /* Energias6.m4a */; };
		DD69AC7B1918A4D2006B129D /* Reciclaje1.m4a in Resources */ = {isa = PBXBuildFile; fileRef = DD69AC6E19182F0C006B129D /* Reciclaje1.m4a */; };
		DD69AC831918B530006B129D /* Agua1.m4a in Resources */ = {isa = PBXBuildFile; fileRef = DD69AC7C1918B524006B129D /* Agua1.m4a */; };
		DD69AC841918B530006B129D /* Agua2.m4a in Resources */ = {isa = PBXBuildFile; fileRef = DD69AC7D1918B524006B129D /* Agua2.m4a */; };
		DD69AC851918B530006B129D /* Agua3.m4a in Resources */ = {isa = PBXBuildFile; fileRef = DD69AC7E1918B524006B129D /* Agua3.m4a */; };
		DD69AC861918B530006B129D /* Agua4.m4a in Resources */ = {isa = PBXBuildFile; fileRef = DD69AC7F1918B524006B129D /* Agua4.m4a */; };
		DD69AC871918B530006B129D /* Biodiversidad1.m4a in Resources */ = {isa = PBXBuildFile; fileRef = DD69AC801918B524006B129D /* Biodiversidad1.m4a */; };
		DD69AC881918B530006B129D /* Biodiversidad2.m4a in Resources */ = {isa = PBXBuildFile; fileRef = DD69AC811918B524006B129D /* Biodiversidad2.m4a */; };
		DD69AC891918B530006B129D /* Biodiversidad3.m4a in Resources */ = {isa = PBXBuildFile; fileRef = DD69AC821918B524006B129D /* Biodiversidad3.m4a */; };
		DD69AC8C1918BE84006B129D /* Energias3.m4a in Resources */ = {isa = PBXBuildFile; fileRef = DD69AC8A1918BE77006B129D /* Energias3.m4a */; };
		DD69AC8D1918BE84006B129D /* Energias4.m4a in Resources */ = {isa = PBXBuildFile; fileRef = DD69AC8B1918BE77006B129D /* Energias4.m4a */; };
/* End PBXBuildFile section */

/* Begin PBXContainerItemProxy section */
		1765B94E18E2372700035E87 /* PBXContainerItemProxy */ = {
			isa = PBXContainerItemProxy;
			containerPortal = 1765B92018E2372700035E87 /* Project object */;
			proxyType = 1;
			remoteGlobalIDString = 1765B92718E2372700035E87;
			remoteInfo = iOXtremeFinal;
		};
/* End PBXContainerItemProxy section */

/* Begin PBXFileReference section */
		1765B92818E2372700035E87 /* iOXtremeFinal.app */ = {isa = PBXFileReference; explicitFileType = wrapper.application; includeInIndex = 0; path = iOXtremeFinal.app; sourceTree = BUILT_PRODUCTS_DIR; };
		1765B92B18E2372700035E87 /* Foundation.framework */ = {isa = PBXFileReference; lastKnownFileType = wrapper.framework; name = Foundation.framework; path = System/Library/Frameworks/Foundation.framework; sourceTree = SDKROOT; };
		1765B92D18E2372700035E87 /* CoreGraphics.framework */ = {isa = PBXFileReference; lastKnownFileType = wrapper.framework; name = CoreGraphics.framework; path = System/Library/Frameworks/CoreGraphics.framework; sourceTree = SDKROOT; };
		1765B92F18E2372700035E87 /* UIKit.framework */ = {isa = PBXFileReference; lastKnownFileType = wrapper.framework; name = UIKit.framework; path = System/Library/Frameworks/UIKit.framework; sourceTree = SDKROOT; };
		1765B93318E2372700035E87 /* iOXtremeFinal-Info.plist */ = {isa = PBXFileReference; lastKnownFileType = text.plist.xml; path = "iOXtremeFinal-Info.plist"; sourceTree = "<group>"; };
		1765B93518E2372700035E87 /* en */ = {isa = PBXFileReference; lastKnownFileType = text.plist.strings; name = en; path = en.lproj/InfoPlist.strings; sourceTree = "<group>"; };
		1765B93718E2372700035E87 /* main.m */ = {isa = PBXFileReference; lastKnownFileType = sourcecode.c.objc; path = main.m; sourceTree = "<group>"; };
		1765B93918E2372700035E87 /* iOXtremeFinal-Prefix.pch */ = {isa = PBXFileReference; lastKnownFileType = sourcecode.c.h; path = "iOXtremeFinal-Prefix.pch"; sourceTree = "<group>"; };
		1765B93A18E2372700035E87 /* TADAppDelegate.h */ = {isa = PBXFileReference; lastKnownFileType = sourcecode.c.h; path = TADAppDelegate.h; sourceTree = "<group>"; };
		1765B93B18E2372700035E87 /* TADAppDelegate.m */ = {isa = PBXFileReference; lastKnownFileType = sourcecode.c.objc; path = TADAppDelegate.m; sourceTree = "<group>"; };
		1765B93E18E2372700035E87 /* Base */ = {isa = PBXFileReference; lastKnownFileType = file.storyboard; name = Base; path = Base.lproj/Main.storyboard; sourceTree = "<group>"; };
		1765B94018E2372700035E87 /* TADViewController.h */ = {isa = PBXFileReference; lastKnownFileType = sourcecode.c.h; path = TADViewController.h; sourceTree = "<group>"; };
		1765B94118E2372700035E87 /* TADViewController.m */ = {isa = PBXFileReference; lastKnownFileType = sourcecode.c.objc; path = TADViewController.m; sourceTree = "<group>"; };
		1765B94318E2372700035E87 /* Images.xcassets */ = {isa = PBXFileReference; lastKnownFileType = folder.assetcatalog; path = Images.xcassets; sourceTree = "<group>"; };
		1765B94918E2372700035E87 /* iOXtremeFinalTests.xctest */ = {isa = PBXFileReference; explicitFileType = wrapper.cfbundle; includeInIndex = 0; path = iOXtremeFinalTests.xctest; sourceTree = BUILT_PRODUCTS_DIR; };
		1765B94A18E2372700035E87 /* XCTest.framework */ = {isa = PBXFileReference; lastKnownFileType = wrapper.framework; name = XCTest.framework; path = Library/Frameworks/XCTest.framework; sourceTree = DEVELOPER_DIR; };
		1765B95218E2372700035E87 /* iOXtremeFinalTests-Info.plist */ = {isa = PBXFileReference; lastKnownFileType = text.plist.xml; path = "iOXtremeFinalTests-Info.plist"; sourceTree = "<group>"; };
		1765B95418E2372700035E87 /* en */ = {isa = PBXFileReference; lastKnownFileType = text.plist.strings; name = en; path = en.lproj/InfoPlist.strings; sourceTree = "<group>"; };
		1765B95618E2372700035E87 /* iOXtremeFinalTests.m */ = {isa = PBXFileReference; lastKnownFileType = sourcecode.c.objc; path = iOXtremeFinalTests.m; sourceTree = "<group>"; };
		1765B96818E2415B00035E87 /* TADOpcionesViewController.h */ = {isa = PBXFileReference; fileEncoding = 4; lastKnownFileType = sourcecode.c.h; path = TADOpcionesViewController.h; sourceTree = "<group>"; };
		1765B96918E2415B00035E87 /* TADOpcionesViewController.m */ = {isa = PBXFileReference; fileEncoding = 4; lastKnownFileType = sourcecode.c.objc; path = TADOpcionesViewController.m; sourceTree = "<group>"; };
		1765B97D18E2561900035E87 /* TADLeccionViewController.h */ = {isa = PBXFileReference; fileEncoding = 4; lastKnownFileType = sourcecode.c.h; path = TADLeccionViewController.h; sourceTree = "<group>"; };
		1765B97E18E2561900035E87 /* TADLeccionViewController.m */ = {isa = PBXFileReference; fileEncoding = 4; lastKnownFileType = sourcecode.c.objc; path = TADLeccionViewController.m; sourceTree = "<group>"; };
		1765B98018E2562700035E87 /* TADVideoViewController.h */ = {isa = PBXFileReference; fileEncoding = 4; lastKnownFileType = sourcecode.c.h; path = TADVideoViewController.h; sourceTree = "<group>"; };
		1765B98118E2562700035E87 /* TADVideoViewController.m */ = {isa = PBXFileReference; fileEncoding = 4; lastKnownFileType = sourcecode.c.objc; path = TADVideoViewController.m; sourceTree = "<group>"; };
		1765B98318E2563200035E87 /* TADColoresViewController.h */ = {isa = PBXFileReference; fileEncoding = 4; lastKnownFileType = sourcecode.c.h; path = TADColoresViewController.h; sourceTree = "<group>"; };
		1765B98418E2563200035E87 /* TADColoresViewController.m */ = {isa = PBXFileReference; fileEncoding = 4; lastKnownFileType = sourcecode.c.objc; path = TADColoresViewController.m; sourceTree = "<group>"; };
		DD34B84F18FF4F38006E29B7 /* personajes_final.png */ = {isa = PBXFileReference; lastKnownFileType = image.png; path = personajes_final.png; sourceTree = "<group>"; };
		DD34B85218FF5045006E29B7 /* biodiversidad_letrero.png */ = {isa = PBXFileReference; lastKnownFileType = image.png; path = biodiversidad_letrero.png; sourceTree = "<group>"; };
		DD34B85418FF50E2006E29B7 /* agua_letrero.png */ = {isa = PBXFileReference; lastKnownFileType = image.png; path = agua_letrero.png; sourceTree = "<group>"; };
		DD34B85518FF50E2006E29B7 /* reciclaje_letrero.png */ = {isa = PBXFileReference; lastKnownFileType = image.png; path = reciclaje_letrero.png; sourceTree = "<group>"; };
		DD34B85618FF50E2006E29B7 /* renovables_letrero.png */ = {isa = PBXFileReference; lastKnownFileType = image.png; path = renovables_letrero.png; sourceTree = "<group>"; };
		DD34B85A18FF5329006E29B7 /* titulo_boton.png */ = {isa = PBXFileReference; lastKnownFileType = image.png; path = titulo_boton.png; sourceTree = "<group>"; };
		DD34B85C18FF5661006E29B7 /* sobreNosotros.png */ = {isa = PBXFileReference; lastKnownFileType = image.png; path = sobreNosotros.png; sourceTree = "<group>"; };
		DD34B87718FF7DEB006E29B7 /* cuentaCuentos.png */ = {isa = PBXFileReference; lastKnownFileType = image.png; path = cuentaCuentos.png; sourceTree = "<group>"; };
		DD34B87918FF8425006E29B7 /* colorear.png */ = {isa = PBXFileReference; lastKnownFileType = image.png; path = colorear.png; sourceTree = "<group>"; };
		DD34B87B18FF8951006E29B7 /* leccion.png */ = {isa = PBXFileReference; lastKnownFileType = image.png; path = leccion.png; sourceTree = "<group>"; };
		DD34B89118FF9647006E29B7 /* fondoAgua.png */ = {isa = PBXFileReference; lastKnownFileType = image.png; path = fondoAgua.png; sourceTree = "<group>"; };
		DD34B89218FF9647006E29B7 /* fondoBiodiversidad.png */ = {isa = PBXFileReference; lastKnownFileType = image.png; path = fondoBiodiversidad.png; sourceTree = "<group>"; };
		DD34B89318FF9647006E29B7 /* fondoReciclaje.png */ = {isa = PBXFileReference; lastKnownFileType = image.png; path = fondoReciclaje.png; sourceTree = "<group>"; };
		DD34B89418FF9647006E29B7 /* fondoRenovables.png */ = {isa = PBXFileReference; lastKnownFileType = image.png; path = fondoRenovables.png; sourceTree = "<group>"; };
		DD34B8A218FF9AB1006E29B7 /* menuAgua.png */ = {isa = PBXFileReference; lastKnownFileType = image.png; path = menuAgua.png; sourceTree = "<group>"; };
		DD34B8A318FF9AB1006E29B7 /* menuBiodiversidad.png */ = {isa = PBXFileReference; lastKnownFileType = image.png; path = menuBiodiversidad.png; sourceTree = "<group>"; };
		DD34B8A418FF9AB1006E29B7 /* menuHome.png */ = {isa = PBXFileReference; lastKnownFileType = image.png; path = menuHome.png; sourceTree = "<group>"; };
		DD34B8A518FF9AB1006E29B7 /* menuReciclaje.png */ = {isa = PBXFileReference; lastKnownFileType = image.png; path = menuReciclaje.png; sourceTree = "<group>"; };
		DD34B8A618FF9AB1006E29B7 /* menuRenovables.png */ = {isa = PBXFileReference; lastKnownFileType = image.png; path = menuRenovables.png; sourceTree = "<group>"; };
		DD34B8AC18FFB577006E29B7 /* TADSobreNosotrosViewController.h */ = {isa = PBXFileReference; fileEncoding = 4; lastKnownFileType = sourcecode.c.h; path = TADSobreNosotrosViewController.h; sourceTree = "<group>"; };
		DD34B8AD18FFB577006E29B7 /* TADSobreNosotrosViewController.m */ = {isa = PBXFileReference; fileEncoding = 4; lastKnownFileType = sourcecode.c.objc; path = TADSobreNosotrosViewController.m; sourceTree = "<group>"; };
		DD34B8B018FFB60F006E29B7 /* colorFondo.png */ = {isa = PBXFileReference; lastKnownFileType = image.png; path = colorFondo.png; sourceTree = "<group>"; };
		DD34B8ED1902339B006E29B7 /* crayolaBeige.png */ = {isa = PBXFileReference; lastKnownFileType = image.png; path = crayolaBeige.png; sourceTree = "<group>"; };
		DD34B8EE1902339B006E29B7 /* crayolaBlack.png */ = {isa = PBXFileReference; lastKnownFileType = image.png; path = crayolaBlack.png; sourceTree = "<group>"; };
		DD34B8EF1902339B006E29B7 /* crayolaBlue.png */ = {isa = PBXFileReference; lastKnownFileType = image.png; path = crayolaBlue.png; sourceTree = "<group>"; };
		DD34B8F01902339B006E29B7 /* crayolaBrown.png */ = {isa = PBXFileReference; lastKnownFileType = image.png; path = crayolaBrown.png; sourceTree = "<group>"; };
		DD34B8F11902339B006E29B7 /* crayolaGreen.png */ = {isa = PBXFileReference; lastKnownFileType = image.png; path = crayolaGreen.png; sourceTree = "<group>"; };
		DD34B8F21902339B006E29B7 /* crayolaGrey.png */ = {isa = PBXFileReference; lastKnownFileType = image.png; path = crayolaGrey.png; sourceTree = "<group>"; };
		DD34B8F31902339B006E29B7 /* crayolaLime.png */ = {isa = PBXFileReference; lastKnownFileType = image.png; path = crayolaLime.png; sourceTree = "<group>"; };
		DD34B8F41902339B006E29B7 /* crayolaOrange.png */ = {isa = PBXFileReference; lastKnownFileType = image.png; path = crayolaOrange.png; sourceTree = "<group>"; };
		DD34B8F51902339B006E29B7 /* crayolaPink.png */ = {isa = PBXFileReference; lastKnownFileType = image.png; path = crayolaPink.png; sourceTree = "<group>"; };
		DD34B8F61902339B006E29B7 /* crayolaPurple.png */ = {isa = PBXFileReference; lastKnownFileType = image.png; path = crayolaPurple.png; sourceTree = "<group>"; };
		DD34B8F71902339B006E29B7 /* crayolaRed.png */ = {isa = PBXFileReference; lastKnownFileType = image.png; path = crayolaRed.png; sourceTree = "<group>"; };
		DD34B8F81902339B006E29B7 /* crayolaSky.png */ = {isa = PBXFileReference; lastKnownFileType = image.png; path = crayolaSky.png; sourceTree = "<group>"; };
		DD34B8F91902339B006E29B7 /* crayolaWhite.png */ = {isa = PBXFileReference; lastKnownFileType = image.png; path = crayolaWhite.png; sourceTree = "<group>"; };
		DD34B8FA1902339B006E29B7 /* crayolaYellow.png */ = {isa = PBXFileReference; lastKnownFileType = image.png; path = crayolaYellow.png; sourceTree = "<group>"; };
		DD34B90E1902456F006E29B7 /* icon.png */ = {isa = PBXFileReference; lastKnownFileType = image.png; path = icon.png; sourceTree = "<group>"; };
		DD34B91A19036112006E29B7 /* actividadAguaTransparente.png */ = {isa = PBXFileReference; lastKnownFileType = image.png; path = actividadAguaTransparente.png; sourceTree = "<group>"; };
		DD34B91C19036112006E29B7 /* actividadEnergiasTransparente.png */ = {isa = PBXFileReference; lastKnownFileType = image.png; path = actividadEnergiasTransparente.png; sourceTree = "<group>"; };
		DD34B91D19036112006E29B7 /* actividadReciclajeTransparente.png */ = {isa = PBXFileReference; lastKnownFileType = image.png; path = actividadReciclajeTransparente.png; sourceTree = "<group>"; };
		DD34B92219036385006E29B7 /* actividadBiodiversidadTransparente.png */ = {isa = PBXFileReference; lastKnownFileType = image.png; path = actividadBiodiversidadTransparente.png; sourceTree = "<group>"; };
		DD5B549718E5C6C60016251E /* Tema.h */ = {isa = PBXFileReference; fileEncoding = 4; lastKnownFileType = sourcecode.c.h; path = Tema.h; sourceTree = "<group>"; };
		DD5B549818E5C6C60016251E /* Tema.m */ = {isa = PBXFileReference; fileEncoding = 4; lastKnownFileType = sourcecode.c.objc; path = Tema.m; sourceTree = "<group>"; };
		DD69AB6F19144A45006B129D /* robot.png */ = {isa = PBXFileReference; lastKnownFileType = image.png; path = robot.png; sourceTree = "<group>"; };
		DD69AB7119144BAE006B129D /* biodiversidad_video.png */ = {isa = PBXFileReference; lastKnownFileType = image.png; path = biodiversidad_video.png; sourceTree = "<group>"; };
		DD69AB7319144D05006B129D /* agua_video.png */ = {isa = PBXFileReference; lastKnownFileType = image.png; path = agua_video.png; sourceTree = "<group>"; };
		DD69AB7419144D05006B129D /* energias_video.png */ = {isa = PBXFileReference; lastKnownFileType = image.png; path = energias_video.png; sourceTree = "<group>"; };
		DD69AB7519144D05006B129D /* reciclaje_video.png */ = {isa = PBXFileReference; lastKnownFileType = image.png; path = reciclaje_video.png; sourceTree = "<group>"; };
		DD69AB9C19161D59006B129D /* TADPageContentViewController.h */ = {isa = PBXFileReference; fileEncoding = 4; lastKnownFileType = sourcecode.c.h; path = TADPageContentViewController.h; sourceTree = "<group>"; };
		DD69AB9D19161D59006B129D /* TADPageContentViewController.m */ = {isa = PBXFileReference; fileEncoding = 4; lastKnownFileType = sourcecode.c.objc; path = TADPageContentViewController.m; sourceTree = "<group>"; };
		DD69ABAD19162D8E006B129D /* agua1.png */ = {isa = PBXFileReference; lastKnownFileType = image.png; path = agua1.png; sourceTree = "<group>"; };
		DD69ABAE19162D8E006B129D /* agua2.png */ = {isa = PBXFileReference; lastKnownFileType = image.png; path = agua2.png; sourceTree = "<group>"; };
		DD69ABB119162E27006B129D /* agua3.png */ = {isa = PBXFileReference; lastKnownFileType = image.png; path = agua3.png; sourceTree = "<group>"; };
		DD69ABB919162EB3006B129D /* agua4.png */ = {isa = PBXFileReference; lastKnownFileType = image.png; path = agua4.png; sourceTree = "<group>"; };
		DD69ABCD1916D5B8006B129D /* Childrens.mp3 */ = {isa = PBXFileReference; lastKnownFileType = audio.mp3; path = Childrens.mp3; sourceTree = "<group>"; };
		DD69ABD01916D641006B129D /* AVFoundation.framework */ = {isa = PBXFileReference; lastKnownFileType = wrapper.framework; name = AVFoundation.framework; path = System/Library/Frameworks/AVFoundation.framework; sourceTree = SDKROOT; };
		DD69AC171916EF03006B129D /* reciclaje1.png */ = {isa = PBXFileReference; lastKnownFileType = image.png; path = reciclaje1.png; sourceTree = "<group>"; };
		DD69AC191916EF03006B129D /* reciclaje3.png */ = {isa = PBXFileReference; lastKnownFileType = image.png; path = reciclaje3.png; sourceTree = "<group>"; };
		DD69AC1A1916EF03006B129D /* reciclaje4.png */ = {isa = PBXFileReference; lastKnownFileType = image.png; path = reciclaje4.png; sourceTree = "<group>"; };
		DD69AC231916EF8C006B129D /* reciclaje2.png */ = {isa = PBXFileReference; lastKnownFileType = image.png; path = reciclaje2.png; sourceTree = "<group>"; };
		DD69AC261916F35C006B129D /* home.png */ = {isa = PBXFileReference; lastKnownFileType = image.png; path = home.png; sourceTree = "<group>"; };
		DD69AC271916F35C006B129D /* save.png */ = {isa = PBXFileReference; lastKnownFileType = image.png; path = save.png; sourceTree = "<group>"; };
		DD69AC281916F35C006B129D /* arrow.png */ = {isa = PBXFileReference; lastKnownFileType = image.png; path = arrow.png; sourceTree = "<group>"; };
		DD69AC2F1916F3DA006B129D /* reload.png */ = {isa = PBXFileReference; lastKnownFileType = image.png; path = reload.png; sourceTree = "<group>"; };
		DD69AC321916F5EF006B129D /* audio.png */ = {isa = PBXFileReference; lastKnownFileType = image.png; path = audio.png; sourceTree = "<group>"; };
		DD69AC381916F7C0006B129D /* sponsors.png */ = {isa = PBXFileReference; lastKnownFileType = image.png; path = sponsors.png; sourceTree = "<group>"; };
		DD69AC3F1918153B006B129D /* MediaPlayer.framework */ = {isa = PBXFileReference; lastKnownFileType = wrapper.framework; name = MediaPlayer.framework; path = System/Library/Frameworks/MediaPlayer.framework; sourceTree = SDKROOT; };
		DD69AC4519181A90006B129D /* Reciclaje2.m4a */ = {isa = PBXFileReference; lastKnownFileType = file; path = Reciclaje2.m4a; sourceTree = "<group>"; };
		DD69AC4619181A90006B129D /* Reciclaje3.m4a */ = {isa = PBXFileReference; lastKnownFileType = file; path = Reciclaje3.m4a; sourceTree = "<group>"; };
		DD69AC4719181A90006B129D /* Reciclaje4.m4a */ = {isa = PBXFileReference; lastKnownFileType = file; path = Reciclaje4.m4a; sourceTree = "<group>"; };
		DD69AC5019182D8A006B129D /* biodiversidad1.png */ = {isa = PBXFileReference; lastKnownFileType = image.png; path = biodiversidad1.png; sourceTree = "<group>"; };
		DD69AC5119182D8A006B129D /* biodiversidad2.png */ = {isa = PBXFileReference; lastKnownFileType = image.png; path = biodiversidad2.png; sourceTree = "<group>"; };
		DD69AC5219182D8A006B129D /* biodiversidad3.png */ = {isa = PBXFileReference; lastKnownFileType = image.png; path = biodiversidad3.png; sourceTree = "<group>"; };
		DD69AC5919182DDC006B129D /* biodiversidad1.png */ = {isa = PBXFileReference; lastKnownFileType = image.png; path = biodiversidad1.png; sourceTree = "<group>"; };
		DD69AC5A19182DDC006B129D /* biodiversidad2.png */ = {isa = PBXFileReference; lastKnownFileType = image.png; path = biodiversidad2.png; sourceTree = "<group>"; };
		DD69AC5B19182DDC006B129D /* biodiversidad3.png */ = {isa = PBXFileReference; lastKnownFileType = image.png; path = biodiversidad3.png; sourceTree = "<group>"; };
		DD69AC5C19182EE3006B129D /* energias1.png */ = {isa = PBXFileReference; lastKnownFileType = image.png; path = energias1.png; sourceTree = "<group>"; };
		DD69AC5D19182EE3006B129D /* energias2.png */ = {isa = PBXFileReference; lastKnownFileType = image.png; path = energias2.png; sourceTree = "<group>"; };
		DD69AC5E19182EE3006B129D /* energias3.png */ = {isa = PBXFileReference; lastKnownFileType = image.png; path = energias3.png; sourceTree = "<group>"; };
		DD69AC5F19182EE3006B129D /* energias4.png */ = {isa = PBXFileReference; lastKnownFileType = image.png; path = energias4.png; sourceTree = "<group>"; };
		DD69AC6019182EE3006B129D /* energias5.png */ = {isa = PBXFileReference; lastKnownFileType = image.png; path = energias5.png; sourceTree = "<group>"; };
		DD69AC6119182EE3006B129D /* energias6.png */ = {isa = PBXFileReference; lastKnownFileType = image.png; path = energias6.png; sourceTree = "<group>"; };
		DD69AC6E19182F0C006B129D /* Reciclaje1.m4a */ = {isa = PBXFileReference; lastKnownFileType = file; path = Reciclaje1.m4a; sourceTree = "<group>"; };
		DD69AC6F1918A4B4006B129D /* Energias1.m4a */ = {isa = PBXFileReference; lastKnownFileType = file; path = Energias1.m4a; sourceTree = "<group>"; };
		DD69AC701918A4B4006B129D /* Energias2.m4a */ = {isa = PBXFileReference; lastKnownFileType = file; path = Energias2.m4a; sourceTree = "<group>"; };
		DD69AC731918A4B4006B129D /* Energias5.m4a */ = {isa = PBXFileReference; lastKnownFileType = file; path = Energias5.m4a; sourceTree = "<group>"; };
		DD69AC741918A4B4006B129D /* Energias6.m4a */ = {isa = PBXFileReference; lastKnownFileType = file; path = Energias6.m4a; sourceTree = "<group>"; };
		DD69AC7C1918B524006B129D /* Agua1.m4a */ = {isa = PBXFileReference; lastKnownFileType = file; path = Agua1.m4a; sourceTree = "<group>"; };
		DD69AC7D1918B524006B129D /* Agua2.m4a */ = {isa = PBXFileReference; lastKnownFileType = file; path = Agua2.m4a; sourceTree = "<group>"; };
		DD69AC7E1918B524006B129D /* Agua3.m4a */ = {isa = PBXFileReference; lastKnownFileType = file; path = Agua3.m4a; sourceTree = "<group>"; };
		DD69AC7F1918B524006B129D /* Agua4.m4a */ = {isa = PBXFileReference; lastKnownFileType = file; path = Agua4.m4a; sourceTree = "<group>"; };
		DD69AC801918B524006B129D /* Biodiversidad1.m4a */ = {isa = PBXFileReference; lastKnownFileType = file; path = Biodiversidad1.m4a; sourceTree = "<group>"; };
		DD69AC811918B524006B129D /* Biodiversidad2.m4a */ = {isa = PBXFileReference; lastKnownFileType = file; path = Biodiversidad2.m4a; sourceTree = "<group>"; };
		DD69AC821918B524006B129D /* Biodiversidad3.m4a */ = {isa = PBXFileReference; lastKnownFileType = file; path = Biodiversidad3.m4a; sourceTree = "<group>"; };
		DD69AC8A1918BE77006B129D /* Energias3.m4a */ = {isa = PBXFileReference; lastKnownFileType = file; path = Energias3.m4a; sourceTree = "<group>"; };
		DD69AC8B1918BE77006B129D /* Energias4.m4a */ = {isa = PBXFileReference; lastKnownFileType = file; path = Energias4.m4a; sourceTree = "<group>"; };
/* End PBXFileReference section */

/* Begin PBXFrameworksBuildPhase section */
		1765B92518E2372700035E87 /* Frameworks */ = {
			isa = PBXFrameworksBuildPhase;
			buildActionMask = 2147483647;
			files = (
				DD69AC401918153B006B129D /* MediaPlayer.framework in Frameworks */,
				DD69ABD11916D641006B129D /* AVFoundation.framework in Frameworks */,
				1765B92E18E2372700035E87 /* CoreGraphics.framework in Frameworks */,
				1765B93018E2372700035E87 /* UIKit.framework in Frameworks */,
				1765B92C18E2372700035E87 /* Foundation.framework in Frameworks */,
			);
			runOnlyForDeploymentPostprocessing = 0;
		};
		1765B94618E2372700035E87 /* Frameworks */ = {
			isa = PBXFrameworksBuildPhase;
			buildActionMask = 2147483647;
			files = (
				1765B94B18E2372700035E87 /* XCTest.framework in Frameworks */,
				1765B94D18E2372700035E87 /* UIKit.framework in Frameworks */,
				1765B94C18E2372700035E87 /* Foundation.framework in Frameworks */,
			);
			runOnlyForDeploymentPostprocessing = 0;
		};
/* End PBXFrameworksBuildPhase section */

/* Begin PBXGroup section */
		1765B91F18E2372700035E87 = {
			isa = PBXGroup;
			children = (
				DD34B90E1902456F006E29B7 /* icon.png */,
				DD309940191A9D4C00883EA8 /* Audios Lecciones */,
				DD69AB81191619C6006B129D /* Lecciones */,
				DD69AB6E19144199006B129D /* Videos */,
				DD34B90B19023671006E29B7 /* Actividades */,
				DD34B8D019022DEA006E29B7 /* Crayolas */,
				DD34B89918FF968D006E29B7 /* Botones */,
				DD34B86618FF6A51006E29B7 /* Fondos */,
				DD34B85118FF4FF5006E29B7 /* Imagenes Home Page */,
				DD5B549A18E5C6CC0016251E /* Temas */,
				1765B93118E2372700035E87 /* iOXtremeFinal */,
				1765B95018E2372700035E87 /* iOXtremeFinalTests */,
				1765B92A18E2372700035E87 /* Frameworks */,
				1765B92918E2372700035E87 /* Products */,
			);
			sourceTree = "<group>";
		};
		1765B92918E2372700035E87 /* Products */ = {
			isa = PBXGroup;
			children = (
				1765B92818E2372700035E87 /* iOXtremeFinal.app */,
				1765B94918E2372700035E87 /* iOXtremeFinalTests.xctest */,
			);
			name = Products;
			sourceTree = "<group>";
		};
		1765B92A18E2372700035E87 /* Frameworks */ = {
			isa = PBXGroup;
			children = (
				DD69AC3F1918153B006B129D /* MediaPlayer.framework */,
				DD69ABD01916D641006B129D /* AVFoundation.framework */,
				1765B92B18E2372700035E87 /* Foundation.framework */,
				1765B92D18E2372700035E87 /* CoreGraphics.framework */,
				1765B92F18E2372700035E87 /* UIKit.framework */,
				1765B94A18E2372700035E87 /* XCTest.framework */,
			);
			name = Frameworks;
			sourceTree = "<group>";
		};
		1765B93118E2372700035E87 /* iOXtremeFinal */ = {
			isa = PBXGroup;
			children = (
				1765B93D18E2372700035E87 /* Main.storyboard */,
				1765B98818E2564900035E87 /* Leccion View Controller */,
				1765B98718E2564000035E87 /* Video View Controller */,
				1765B98618E2563700035E87 /* Colores View Controller */,
				1765B97018E24B5700035E87 /* App Delegate */,
				1765B96F18E24B4D00035E87 /* Opciones View Controller */,
				DD34B8AF18FFB57F006E29B7 /* Sobre Nosotros */,
				1765B96D18E24B2400035E87 /* Principal View Controller */,
				1765B94318E2372700035E87 /* Images.xcassets */,
				1765B93218E2372700035E87 /* Supporting Files */,
			);
			path = iOXtremeFinal;
			sourceTree = "<group>";
		};
		1765B93218E2372700035E87 /* Supporting Files */ = {
			isa = PBXGroup;
			children = (
				1765B93318E2372700035E87 /* iOXtremeFinal-Info.plist */,
				1765B93418E2372700035E87 /* InfoPlist.strings */,
				1765B93718E2372700035E87 /* main.m */,
				1765B93918E2372700035E87 /* iOXtremeFinal-Prefix.pch */,
			);
			name = "Supporting Files";
			sourceTree = "<group>";
		};
		1765B95018E2372700035E87 /* iOXtremeFinalTests */ = {
			isa = PBXGroup;
			children = (
				1765B95618E2372700035E87 /* iOXtremeFinalTests.m */,
				1765B95118E2372700035E87 /* Supporting Files */,
			);
			path = iOXtremeFinalTests;
			sourceTree = "<group>";
		};
		1765B95118E2372700035E87 /* Supporting Files */ = {
			isa = PBXGroup;
			children = (
				1765B95218E2372700035E87 /* iOXtremeFinalTests-Info.plist */,
				1765B95318E2372700035E87 /* InfoPlist.strings */,
			);
			name = "Supporting Files";
			sourceTree = "<group>";
		};
		1765B96D18E24B2400035E87 /* Principal View Controller */ = {
			isa = PBXGroup;
			children = (
				1765B94018E2372700035E87 /* TADViewController.h */,
				1765B94118E2372700035E87 /* TADViewController.m */,
			);
			name = "Principal View Controller";
			sourceTree = "<group>";
		};
		1765B96F18E24B4D00035E87 /* Opciones View Controller */ = {
			isa = PBXGroup;
			children = (
				1765B96818E2415B00035E87 /* TADOpcionesViewController.h */,
				1765B96918E2415B00035E87 /* TADOpcionesViewController.m */,
			);
			name = "Opciones View Controller";
			sourceTree = "<group>";
		};
		1765B97018E24B5700035E87 /* App Delegate */ = {
			isa = PBXGroup;
			children = (
				1765B93A18E2372700035E87 /* TADAppDelegate.h */,
				1765B93B18E2372700035E87 /* TADAppDelegate.m */,
			);
			name = "App Delegate";
			sourceTree = "<group>";
		};
		1765B98618E2563700035E87 /* Colores View Controller */ = {
			isa = PBXGroup;
			children = (
				1765B98318E2563200035E87 /* TADColoresViewController.h */,
				1765B98418E2563200035E87 /* TADColoresViewController.m */,
			);
			name = "Colores View Controller";
			sourceTree = "<group>";
		};
		1765B98718E2564000035E87 /* Video View Controller */ = {
			isa = PBXGroup;
			children = (
				1765B98018E2562700035E87 /* TADVideoViewController.h */,
				1765B98118E2562700035E87 /* TADVideoViewController.m */,
			);
			name = "Video View Controller";
			sourceTree = "<group>";
		};
		1765B98818E2564900035E87 /* Leccion View Controller */ = {
			isa = PBXGroup;
			children = (
				DD69AB9C19161D59006B129D /* TADPageContentViewController.h */,
				DD69AB9D19161D59006B129D /* TADPageContentViewController.m */,
				1765B97D18E2561900035E87 /* TADLeccionViewController.h */,
				1765B97E18E2561900035E87 /* TADLeccionViewController.m */,
			);
			name = "Leccion View Controller";
			sourceTree = "<group>";
		};
		DD309940191A9D4C00883EA8 /* Audios Lecciones */ = {
			isa = PBXGroup;
			children = (
				DD69ABCD1916D5B8006B129D /* Childrens.mp3 */,
				DD69AC7C1918B524006B129D /* Agua1.m4a */,
				DD69AC7D1918B524006B129D /* Agua2.m4a */,
				DD69AC7E1918B524006B129D /* Agua3.m4a */,
				DD69AC7F1918B524006B129D /* Agua4.m4a */,
				DD69AC801918B524006B129D /* Biodiversidad1.m4a */,
				DD69AC811918B524006B129D /* Biodiversidad2.m4a */,
				DD69AC821918B524006B129D /* Biodiversidad3.m4a */,
				DD69AC6E19182F0C006B129D /* Reciclaje1.m4a */,
				DD69AC4519181A90006B129D /* Reciclaje2.m4a */,
				DD69AC4619181A90006B129D /* Reciclaje3.m4a */,
				DD69AC4719181A90006B129D /* Reciclaje4.m4a */,
				DD69AC6F1918A4B4006B129D /* Energias1.m4a */,
				DD69AC701918A4B4006B129D /* Energias2.m4a */,
				DD69AC8A1918BE77006B129D /* Energias3.m4a */,
				DD69AC8B1918BE77006B129D /* Energias4.m4a */,
				DD69AC731918A4B4006B129D /* Energias5.m4a */,
				DD69AC741918A4B4006B129D /* Energias6.m4a */,
			);
			name = "Audios Lecciones";
			sourceTree = "<group>";
		};
		DD34B85118FF4FF5006E29B7 /* Imagenes Home Page */ = {
			isa = PBXGroup;
			children = (
				DD69AC381916F7C0006B129D /* sponsors.png */,
				DD34B85C18FF5661006E29B7 /* sobreNosotros.png */,
				DD34B85A18FF5329006E29B7 /* titulo_boton.png */,
				DD34B85418FF50E2006E29B7 /* agua_letrero.png */,
				DD34B85518FF50E2006E29B7 /* reciclaje_letrero.png */,
				DD34B85618FF50E2006E29B7 /* renovables_letrero.png */,
				DD34B85218FF5045006E29B7 /* biodiversidad_letrero.png */,
				DD34B84F18FF4F38006E29B7 /* personajes_final.png */,
			);
			name = "Imagenes Home Page";
			path = iOXtremeFinal;
			sourceTree = "<group>";
		};
		DD34B86618FF6A51006E29B7 /* Fondos */ = {
			isa = PBXGroup;
			children = (
				DD34B8B018FFB60F006E29B7 /* colorFondo.png */,
				DD34B89118FF9647006E29B7 /* fondoAgua.png */,
				DD34B89218FF9647006E29B7 /* fondoBiodiversidad.png */,
				DD34B89318FF9647006E29B7 /* fondoReciclaje.png */,
				DD34B89418FF9647006E29B7 /* fondoRenovables.png */,
			);
			name = Fondos;
			sourceTree = "<group>";
		};
		DD34B89918FF968D006E29B7 /* Botones */ = {
			isa = PBXGroup;
			children = (
				DD69AC321916F5EF006B129D /* audio.png */,
				DD69AC2F1916F3DA006B129D /* reload.png */,
				DD69AC261916F35C006B129D /* home.png */,
				DD69AC271916F35C006B129D /* save.png */,
				DD69AC281916F35C006B129D /* arrow.png */,
				DD34B8A218FF9AB1006E29B7 /* menuAgua.png */,
				DD34B8A318FF9AB1006E29B7 /* menuBiodiversidad.png */,
				DD34B8A418FF9AB1006E29B7 /* menuHome.png */,
				DD34B8A518FF9AB1006E29B7 /* menuReciclaje.png */,
				DD34B8A618FF9AB1006E29B7 /* menuRenovables.png */,
				DD34B87B18FF8951006E29B7 /* leccion.png */,
				DD34B87918FF8425006E29B7 /* colorear.png */,
				DD34B87718FF7DEB006E29B7 /* cuentaCuentos.png */,
			);
			name = Botones;
			sourceTree = "<group>";
		};
		DD34B8AF18FFB57F006E29B7 /* Sobre Nosotros */ = {
			isa = PBXGroup;
			children = (
				DD34B8AC18FFB577006E29B7 /* TADSobreNosotrosViewController.h */,
				DD34B8AD18FFB577006E29B7 /* TADSobreNosotrosViewController.m */,
			);
			name = "Sobre Nosotros";
			path = ..;
			sourceTree = "<group>";
		};
		DD34B8D019022DEA006E29B7 /* Crayolas */ = {
			isa = PBXGroup;
			children = (
				DD34B8ED1902339B006E29B7 /* crayolaBeige.png */,
				DD34B8EE1902339B006E29B7 /* crayolaBlack.png */,
				DD34B8EF1902339B006E29B7 /* crayolaBlue.png */,
				DD34B8F01902339B006E29B7 /* crayolaBrown.png */,
				DD34B8F11902339B006E29B7 /* crayolaGreen.png */,
				DD34B8F21902339B006E29B7 /* crayolaGrey.png */,
				DD34B8F31902339B006E29B7 /* crayolaLime.png */,
				DD34B8F41902339B006E29B7 /* crayolaOrange.png */,
				DD34B8F51902339B006E29B7 /* crayolaPink.png */,
				DD34B8F61902339B006E29B7 /* crayolaPurple.png */,
				DD34B8F71902339B006E29B7 /* crayolaRed.png */,
				DD34B8F81902339B006E29B7 /* crayolaSky.png */,
				DD34B8F91902339B006E29B7 /* crayolaWhite.png */,
				DD34B8FA1902339B006E29B7 /* crayolaYellow.png */,
			);
			name = Crayolas;
			sourceTree = "<group>";
		};
		DD34B90B19023671006E29B7 /* Actividades */ = {
			isa = PBXGroup;
			children = (
				DD34B91A19036112006E29B7 /* actividadAguaTransparente.png */,
				DD34B92219036385006E29B7 /* actividadBiodiversidadTransparente.png */,
				DD34B91C19036112006E29B7 /* actividadEnergiasTransparente.png */,
				DD34B91D19036112006E29B7 /* actividadReciclajeTransparente.png */,
			);
			name = Actividades;
			sourceTree = "<group>";
		};
		DD5B549A18E5C6CC0016251E /* Temas */ = {
			isa = PBXGroup;
			children = (
				DD5B549718E5C6C60016251E /* Tema.h */,
				DD5B549818E5C6C60016251E /* Tema.m */,
			);
			name = Temas;
			sourceTree = "<group>";
		};
		DD69AB6E19144199006B129D /* Videos */ = {
			isa = PBXGroup;
			children = (
				DD69AB6F19144A45006B129D /* robot.png */,
				DD69AB7319144D05006B129D /* agua_video.png */,
				DD69AB7419144D05006B129D /* energias_video.png */,
				DD69AB7519144D05006B129D /* reciclaje_video.png */,
				DD69AB7119144BAE006B129D /* biodiversidad_video.png */,
			);
			name = Videos;
			sourceTree = "<group>";
		};
		DD69AB81191619C6006B129D /* Lecciones */ = {
			isa = PBXGroup;
			children = (
				DD69AC5919182DDC006B129D /* biodiversidad1.png */,
				DD69AC5A19182DDC006B129D /* biodiversidad2.png */,
				DD69AC5B19182DDC006B129D /* biodiversidad3.png */,
				DD69AC5C19182EE3006B129D /* energias1.png */,
				DD69AC5D19182EE3006B129D /* energias2.png */,
				DD69AC5E19182EE3006B129D /* energias3.png */,
				DD69AC5F19182EE3006B129D /* energias4.png */,
				DD69AC6019182EE3006B129D /* energias5.png */,
				DD69AC6119182EE3006B129D /* energias6.png */,
				DD69AC5019182D8A006B129D /* biodiversidad1.png */,
				DD69AC5119182D8A006B129D /* biodiversidad2.png */,
				DD69AC5219182D8A006B129D /* biodiversidad3.png */,
				DD69AC171916EF03006B129D /* reciclaje1.png */,
				DD69AC231916EF8C006B129D /* reciclaje2.png */,
				DD69AC191916EF03006B129D /* reciclaje3.png */,
				DD69AC1A1916EF03006B129D /* reciclaje4.png */,
				DD69ABAD19162D8E006B129D /* agua1.png */,
				DD69ABAE19162D8E006B129D /* agua2.png */,
				DD69ABB119162E27006B129D /* agua3.png */,
				DD69ABB919162EB3006B129D /* agua4.png */,
			);
			name = Lecciones;
			sourceTree = "<group>";
		};
/* End PBXGroup section */

/* Begin PBXNativeTarget section */
		1765B92718E2372700035E87 /* iOXtremeFinal */ = {
			isa = PBXNativeTarget;
			buildConfigurationList = 1765B95A18E2372700035E87 /* Build configuration list for PBXNativeTarget "iOXtremeFinal" */;
			buildPhases = (
				1765B92418E2372700035E87 /* Sources */,
				1765B92518E2372700035E87 /* Frameworks */,
				1765B92618E2372700035E87 /* Resources */,
			);
			buildRules = (
			);
			dependencies = (
			);
			name = iOXtremeFinal;
			productName = iOXtremeFinal;
			productReference = 1765B92818E2372700035E87 /* iOXtremeFinal.app */;
			productType = "com.apple.product-type.application";
		};
		1765B94818E2372700035E87 /* iOXtremeFinalTests */ = {
			isa = PBXNativeTarget;
			buildConfigurationList = 1765B95D18E2372700035E87 /* Build configuration list for PBXNativeTarget "iOXtremeFinalTests" */;
			buildPhases = (
				1765B94518E2372700035E87 /* Sources */,
				1765B94618E2372700035E87 /* Frameworks */,
				1765B94718E2372700035E87 /* Resources */,
			);
			buildRules = (
			);
			dependencies = (
				1765B94F18E2372700035E87 /* PBXTargetDependency */,
			);
			name = iOXtremeFinalTests;
			productName = iOXtremeFinalTests;
			productReference = 1765B94918E2372700035E87 /* iOXtremeFinalTests.xctest */;
			productType = "com.apple.product-type.bundle.unit-test";
		};
/* End PBXNativeTarget section */

/* Begin PBXProject section */
		1765B92018E2372700035E87 /* Project object */ = {
			isa = PBXProject;
			attributes = {
				CLASSPREFIX = TAD;
				LastUpgradeCheck = 0510;
				ORGANIZATIONNAME = ITESM;
				TargetAttributes = {
					1765B94818E2372700035E87 = {
						TestTargetID = 1765B92718E2372700035E87;
					};
				};
			};
			buildConfigurationList = 1765B92318E2372700035E87 /* Build configuration list for PBXProject "iOXtremeFinal" */;
			compatibilityVersion = "Xcode 3.2";
			developmentRegion = English;
			hasScannedForEncodings = 0;
			knownRegions = (
				en,
				Base,
			);
			mainGroup = 1765B91F18E2372700035E87;
			productRefGroup = 1765B92918E2372700035E87 /* Products */;
			projectDirPath = "";
			projectRoot = "";
			targets = (
				1765B92718E2372700035E87 /* iOXtremeFinal */,
				1765B94818E2372700035E87 /* iOXtremeFinalTests */,
			);
		};
/* End PBXProject section */

/* Begin PBXResourcesBuildPhase section */
		1765B92618E2372700035E87 /* Resources */ = {
			isa = PBXResourcesBuildPhase;
			buildActionMask = 2147483647;
			files = (
				DD69AC8C1918BE84006B129D /* Energias3.m4a in Resources */,
				DD69AC8D1918BE84006B129D /* Energias4.m4a in Resources */,
				DD69AC831918B530006B129D /* Agua1.m4a in Resources */,
				DD69AC841918B530006B129D /* Agua2.m4a in Resources */,
				DD69AC851918B530006B129D /* Agua3.m4a in Resources */,
				DD69AC861918B530006B129D /* Agua4.m4a in Resources */,
				DD69AC871918B530006B129D /* Biodiversidad1.m4a in Resources */,
				DD69AC881918B530006B129D /* Biodiversidad2.m4a in Resources */,
				DD69AC891918B530006B129D /* Biodiversidad3.m4a in Resources */,
				DD69AC7B1918A4D2006B129D /* Reciclaje1.m4a in Resources */,
				DD69AC751918A4C9006B129D /* Energias1.m4a in Resources */,
				DD69AC761918A4C9006B129D /* Energias2.m4a in Resources */,
				DD69AC791918A4C9006B129D /* Energias5.m4a in Resources */,
				DD69AC7A1918A4C9006B129D /* Energias6.m4a in Resources */,
				DD69AC5319182D8A006B129D /* biodiversidad1.png in Resources */,
				DD69AC5519182D8A006B129D /* biodiversidad2.png in Resources */,
				DD69AC5719182D8A006B129D /* biodiversidad3.png in Resources */,
				DD69AC6A19182EE3006B129D /* energias5.png in Resources */,
				DD69AC6C19182EE3006B129D /* energias6.png in Resources */,
				DD69AC4D19181C0A006B129D /* Reciclaje2.m4a in Resources */,
				DD69AC4E19181C0A006B129D /* Reciclaje3.m4a in Resources */,
				DD69AC4F19181C0A006B129D /* Reciclaje4.m4a in Resources */,
				DD34B8A918FF9AB1006E29B7 /* menuHome.png in Resources */,
				DD69AC291916F35C006B129D /* home.png in Resources */,
				DD69AC301916F3DA006B129D /* reload.png in Resources */,
				DD69AC2D1916F35C006B129D /* arrow.png in Resources */,
				DD34B9051902339B006E29B7 /* crayolaRed.png in Resources */,
				DD34B85818FF50E2006E29B7 /* reciclaje_letrero.png in Resources */,
				1765B94418E2372700035E87 /* Images.xcassets in Resources */,
				DD69AC6819182EE3006B129D /* energias4.png in Resources */,
				DD34B87C18FF8951006E29B7 /* leccion.png in Resources */,
				DD34B9001902339B006E29B7 /* crayolaGrey.png in Resources */,
				DD34B8B118FFB60F006E29B7 /* colorFondo.png in Resources */,
				DD34B89718FF9647006E29B7 /* fondoReciclaje.png in Resources */,
				DD34B8FE1902339B006E29B7 /* crayolaBrown.png in Resources */,
				DD69AB7019144A45006B129D /* robot.png in Resources */,
				DD69ABCE1916D5B8006B129D /* Childrens.mp3 in Resources */,
				DD69AB7819144D05006B129D /* reciclaje_video.png in Resources */,
				DD34B85318FF5045006E29B7 /* biodiversidad_letrero.png in Resources */,
				DD69AC1F1916EF03006B129D /* reciclaje3.png in Resources */,
				DD69AC331916F5EF006B129D /* audio.png in Resources */,
				DD34B85718FF50E2006E29B7 /* agua_letrero.png in Resources */,
				DD34B9041902339B006E29B7 /* crayolaPurple.png in Resources */,
				DD34B92319036385006E29B7 /* actividadBiodiversidadTransparente.png in Resources */,
				DD34B9011902339B006E29B7 /* crayolaLime.png in Resources */,
				DD34B89618FF9647006E29B7 /* fondoBiodiversidad.png in Resources */,
				DD34B85D18FF5661006E29B7 /* sobreNosotros.png in Resources */,
				DD34B89818FF9647006E29B7 /* fondoRenovables.png in Resources */,
				DD34B85B18FF5329006E29B7 /* titulo_boton.png in Resources */,
				DD34B87A18FF8425006E29B7 /* colorear.png in Resources */,
				DD69ABBA19162EB3006B129D /* agua4.png in Resources */,
				DD69AC6219182EE3006B129D /* energias1.png in Resources */,
				DD34B85018FF4F38006E29B7 /* personajes_final.png in Resources */,
				1765B93618E2372700035E87 /* InfoPlist.strings in Resources */,
				DD34B9061902339B006E29B7 /* crayolaSky.png in Resources */,
				DD34B8FD1902339B006E29B7 /* crayolaBlue.png in Resources */,
				DD69AB7719144D05006B129D /* energias_video.png in Resources */,
				DD34B8FB1902339B006E29B7 /* crayolaBeige.png in Resources */,
				DD34B85918FF50E2006E29B7 /* renovables_letrero.png in Resources */,
				DD34B92019036112006E29B7 /* actividadEnergiasTransparente.png in Resources */,
				DD34B91E19036112006E29B7 /* actividadAguaTransparente.png in Resources */,
				DD34B8AB18FF9AB1006E29B7 /* menuRenovables.png in Resources */,
				DD69AC1B1916EF03006B129D /* reciclaje1.png in Resources */,
				DD69AC241916EF8C006B129D /* reciclaje2.png in Resources */,
				1765B93F18E2372700035E87 /* Main.storyboard in Resources */,
				DD34B8FC1902339B006E29B7 /* crayolaBlack.png in Resources */,
				DD34B8A818FF9AB1006E29B7 /* menuBiodiversidad.png in Resources */,
				DD34B92119036112006E29B7 /* actividadReciclajeTransparente.png in Resources */,
				DD34B8A718FF9AB1006E29B7 /* menuAgua.png in Resources */,
				DD34B9031902339B006E29B7 /* crayolaPink.png in Resources */,
				DD34B9071902339B006E29B7 /* crayolaWhite.png in Resources */,
				DD34B87818FF7DEB006E29B7 /* cuentaCuentos.png in Resources */,
				DD34B8AA18FF9AB1006E29B7 /* menuReciclaje.png in Resources */,
				DD34B9021902339B006E29B7 /* crayolaOrange.png in Resources */,
				DD69AC211916EF03006B129D /* reciclaje4.png in Resources */,
				DD34B9081902339B006E29B7 /* crayolaYellow.png in Resources */,
				DD69ABB019162D8E006B129D /* agua2.png in Resources */,
				DD69AB7619144D05006B129D /* agua_video.png in Resources */,
				DD69AC6419182EE3006B129D /* energias2.png in Resources */,
				DD34B90F1902456F006E29B7 /* icon.png in Resources */,
				DD34B89518FF9647006E29B7 /* fondoAgua.png in Resources */,
				DD69AC6619182EE3006B129D /* energias3.png in Resources */,
				DD69ABAF19162D8E006B129D /* agua1.png in Resources */,
				DD69AC391916F7C0006B129D /* sponsors.png in Resources */,
				DD69AC2B1916F35C006B129D /* save.png in Resources */,
				DD69AB7219144BAE006B129D /* biodiversidad_video.png in Resources */,
				DD34B8FF1902339B006E29B7 /* crayolaGreen.png in Resources */,
				DD69ABB319162E27006B129D /* agua3.png in Resources */,
			);
			runOnlyForDeploymentPostprocessing = 0;
		};
		1765B94718E2372700035E87 /* Resources */ = {
			isa = PBXResourcesBuildPhase;
			buildActionMask = 2147483647;
			files = (
				DD69AC5419182D8A006B129D /* biodiversidad1.png in Resources */,
				DD69AC6519182EE3006B129D /* energias2.png in Resources */,
				DD69AC6D19182EE3006B129D /* energias6.png in Resources */,
				DD69AC5619182D8A006B129D /* biodiversidad2.png in Resources */,
				DD69ABCF1916D5B8006B129D /* Childrens.mp3 in Resources */,
				DD69AC2A1916F35C006B129D /* home.png in Resources */,
				DD69AC221916EF03006B129D /* reciclaje4.png in Resources */,
				DD69AC311916F3DA006B129D /* reload.png in Resources */,
				DD69AC6B19182EE3006B129D /* energias5.png in Resources */,
				1765B95518E2372700035E87 /* InfoPlist.strings in Resources */,
				DD69AC2C1916F35C006B129D /* save.png in Resources */,
				DD69AC1C1916EF03006B129D /* reciclaje1.png in Resources */,
				DD69AC251916EF8C006B129D /* reciclaje2.png in Resources */,
				DD69AC6719182EE3006B129D /* energias3.png in Resources */,
				DD69AC341916F5EF006B129D /* audio.png in Resources */,
				DD69AC2E1916F35C006B129D /* arrow.png in Resources */,
				DD69AC201916EF03006B129D /* reciclaje3.png in Resources */,
				DD69AC5819182D8A006B129D /* biodiversidad3.png in Resources */,
				DD69AC3A1916F7C0006B129D /* sponsors.png in Resources */,
				DD69AC6319182EE3006B129D /* energias1.png in Resources */,
				DD69AC6919182EE3006B129D /* energias4.png in Resources */,
			);
			runOnlyForDeploymentPostprocessing = 0;
		};
/* End PBXResourcesBuildPhase section */

/* Begin PBXSourcesBuildPhase section */
		1765B92418E2372700035E87 /* Sources */ = {
			isa = PBXSourcesBuildPhase;
			buildActionMask = 2147483647;
			files = (
				1765B98218E2562700035E87 /* TADVideoViewController.m in Sources */,
				1765B93C18E2372700035E87 /* TADAppDelegate.m in Sources */,
				1765B98518E2563200035E87 /* TADColoresViewController.m in Sources */,
				1765B93818E2372700035E87 /* main.m in Sources */,
				DD5B549918E5C6C60016251E /* Tema.m in Sources */,
				DD69AB9E19161D59006B129D /* TADPageContentViewController.m in Sources */,
				DD34B8AE18FFB577006E29B7 /* TADSobreNosotrosViewController.m in Sources */,
				1765B96A18E2415B00035E87 /* TADOpcionesViewController.m in Sources */,
				1765B97F18E2561900035E87 /* TADLeccionViewController.m in Sources */,
				1765B94218E2372700035E87 /* TADViewController.m in Sources */,
			);
			runOnlyForDeploymentPostprocessing = 0;
		};
		1765B94518E2372700035E87 /* Sources */ = {
			isa = PBXSourcesBuildPhase;
			buildActionMask = 2147483647;
			files = (
				1765B95718E2372700035E87 /* iOXtremeFinalTests.m in Sources */,
			);
			runOnlyForDeploymentPostprocessing = 0;
		};
/* End PBXSourcesBuildPhase section */

/* Begin PBXTargetDependency section */
		1765B94F18E2372700035E87 /* PBXTargetDependency */ = {
			isa = PBXTargetDependency;
			target = 1765B92718E2372700035E87 /* iOXtremeFinal */;
			targetProxy = 1765B94E18E2372700035E87 /* PBXContainerItemProxy */;
		};
/* End PBXTargetDependency section */

/* Begin PBXVariantGroup section */
		1765B93418E2372700035E87 /* InfoPlist.strings */ = {
			isa = PBXVariantGroup;
			children = (
				1765B93518E2372700035E87 /* en */,
			);
			name = InfoPlist.strings;
			sourceTree = "<group>";
		};
		1765B93D18E2372700035E87 /* Main.storyboard */ = {
			isa = PBXVariantGroup;
			children = (
				1765B93E18E2372700035E87 /* Base */,
			);
			name = Main.storyboard;
			sourceTree = "<group>";
		};
		1765B95318E2372700035E87 /* InfoPlist.strings */ = {
			isa = PBXVariantGroup;
			children = (
				1765B95418E2372700035E87 /* en */,
			);
			name = InfoPlist.strings;
			sourceTree = "<group>";
		};
/* End PBXVariantGroup section */

/* Begin XCBuildConfiguration section */
		1765B95818E2372700035E87 /* Debug */ = {
			isa = XCBuildConfiguration;
			buildSettings = {
				ALWAYS_SEARCH_USER_PATHS = NO;
				CLANG_CXX_LANGUAGE_STANDARD = "gnu++0x";
				CLANG_CXX_LIBRARY = "libc++";
				CLANG_ENABLE_MODULES = YES;
				CLANG_ENABLE_OBJC_ARC = YES;
				CLANG_WARN_BOOL_CONVERSION = YES;
				CLANG_WARN_CONSTANT_CONVERSION = YES;
				CLANG_WARN_DIRECT_OBJC_ISA_USAGE = YES_ERROR;
				CLANG_WARN_EMPTY_BODY = YES;
				CLANG_WARN_ENUM_CONVERSION = YES;
				CLANG_WARN_INT_CONVERSION = YES;
				CLANG_WARN_OBJC_ROOT_CLASS = YES_ERROR;
				CLANG_WARN__DUPLICATE_METHOD_MATCH = YES;
				"CODE_SIGN_IDENTITY[sdk=iphoneos*]" = "iPhone Developer";
				COPY_PHASE_STRIP = NO;
				GCC_C_LANGUAGE_STANDARD = gnu99;
				GCC_DYNAMIC_NO_PIC = NO;
				GCC_OPTIMIZATION_LEVEL = 0;
				GCC_PREPROCESSOR_DEFINITIONS = (
					"DEBUG=1",
					"$(inherited)",
				);
				GCC_SYMBOLS_PRIVATE_EXTERN = NO;
				GCC_WARN_64_TO_32_BIT_CONVERSION = YES;
				GCC_WARN_ABOUT_RETURN_TYPE = YES_ERROR;
				GCC_WARN_UNDECLARED_SELECTOR = YES;
				GCC_WARN_UNINITIALIZED_AUTOS = YES_AGGRESSIVE;
				GCC_WARN_UNUSED_FUNCTION = YES;
				GCC_WARN_UNUSED_VARIABLE = YES;
				IPHONEOS_DEPLOYMENT_TARGET = 7.1;
				ONLY_ACTIVE_ARCH = YES;
				SDKROOT = iphoneos;
				TARGETED_DEVICE_FAMILY = 2;
			};
			name = Debug;
		};
		1765B95918E2372700035E87 /* Release */ = {
			isa = XCBuildConfiguration;
			buildSettings = {
				ALWAYS_SEARCH_USER_PATHS = NO;
				CLANG_CXX_LANGUAGE_STANDARD = "gnu++0x";
				CLANG_CXX_LIBRARY = "libc++";
				CLANG_ENABLE_MODULES = YES;
				CLANG_ENABLE_OBJC_ARC = YES;
				CLANG_WARN_BOOL_CONVERSION = YES;
				CLANG_WARN_CONSTANT_CONVERSION = YES;
				CLANG_WARN_DIRECT_OBJC_ISA_USAGE = YES_ERROR;
				CLANG_WARN_EMPTY_BODY = YES;
				CLANG_WARN_ENUM_CONVERSION = YES;
				CLANG_WARN_INT_CONVERSION = YES;
				CLANG_WARN_OBJC_ROOT_CLASS = YES_ERROR;
				CLANG_WARN__DUPLICATE_METHOD_MATCH = YES;
				"CODE_SIGN_IDENTITY[sdk=iphoneos*]" = "iPhone Developer";
				COPY_PHASE_STRIP = YES;
				ENABLE_NS_ASSERTIONS = NO;
				GCC_C_LANGUAGE_STANDARD = gnu99;
				GCC_WARN_64_TO_32_BIT_CONVERSION = YES;
				GCC_WARN_ABOUT_RETURN_TYPE = YES_ERROR;
				GCC_WARN_UNDECLARED_SELECTOR = YES;
				GCC_WARN_UNINITIALIZED_AUTOS = YES_AGGRESSIVE;
				GCC_WARN_UNUSED_FUNCTION = YES;
				GCC_WARN_UNUSED_VARIABLE = YES;
				IPHONEOS_DEPLOYMENT_TARGET = 7.1;
				SDKROOT = iphoneos;
				TARGETED_DEVICE_FAMILY = 2;
				VALIDATE_PRODUCT = YES;
			};
			name = Release;
		};
		1765B95B18E2372700035E87 /* Debug */ = {
			isa = XCBuildConfiguration;
			buildSettings = {
				ASSETCATALOG_COMPILER_APPICON_NAME = AppIcon;
				ASSETCATALOG_COMPILER_LAUNCHIMAGE_NAME = LaunchImage;
				GCC_PRECOMPILE_PREFIX_HEADER = YES;
				GCC_PREFIX_HEADER = "iOXtremeFinal/iOXtremeFinal-Prefix.pch";
				INFOPLIST_FILE = "iOXtremeFinal/iOXtremeFinal-Info.plist";
				PRODUCT_NAME = "$(TARGET_NAME)";
				WRAPPER_EXTENSION = app;
			};
			name = Debug;
		};
		1765B95C18E2372700035E87 /* Release */ = {
			isa = XCBuildConfiguration;
			buildSettings = {
				ASSETCATALOG_COMPILER_APPICON_NAME = AppIcon;
				ASSETCATALOG_COMPILER_LAUNCHIMAGE_NAME = LaunchImage;
				GCC_PRECOMPILE_PREFIX_HEADER = YES;
				GCC_PREFIX_HEADER = "iOXtremeFinal/iOXtremeFinal-Prefix.pch";
				INFOPLIST_FILE = "iOXtremeFinal/iOXtremeFinal-Info.plist";
				PRODUCT_NAME = "$(TARGET_NAME)";
				WRAPPER_EXTENSION = app;
			};
			name = Release;
		};
		1765B95E18E2372700035E87 /* Debug */ = {
			isa = XCBuildConfiguration;
			buildSettings = {
				BUNDLE_LOADER = "$(BUILT_PRODUCTS_DIR)/iOXtremeFinal.app/iOXtremeFinal";
				FRAMEWORK_SEARCH_PATHS = (
					"$(SDKROOT)/Developer/Library/Frameworks",
					"$(inherited)",
					"$(DEVELOPER_FRAMEWORKS_DIR)",
				);
				GCC_PRECOMPILE_PREFIX_HEADER = YES;
				GCC_PREFIX_HEADER = "iOXtremeFinal/iOXtremeFinal-Prefix.pch";
				GCC_PREPROCESSOR_DEFINITIONS = (
					"DEBUG=1",
					"$(inherited)",
				);
				INFOPLIST_FILE = "iOXtremeFinalTests/iOXtremeFinalTests-Info.plist";
				PRODUCT_NAME = "$(TARGET_NAME)";
				TEST_HOST = "$(BUNDLE_LOADER)";
				WRAPPER_EXTENSION = xctest;
			};
			name = Debug;
		};
		1765B95F18E2372700035E87 /* Release */ = {
			isa = XCBuildConfiguration;
			buildSettings = {
				BUNDLE_LOADER = "$(BUILT_PRODUCTS_DIR)/iOXtremeFinal.app/iOXtremeFinal";
				FRAMEWORK_SEARCH_PATHS = (
					"$(SDKROOT)/Developer/Library/Frameworks",
					"$(inherited)",
					"$(DEVELOPER_FRAMEWORKS_DIR)",
				);
				GCC_PRECOMPILE_PREFIX_HEADER = YES;
				GCC_PREFIX_HEADER = "iOXtremeFinal/iOXtremeFinal-Prefix.pch";
				INFOPLIST_FILE = "iOXtremeFinalTests/iOXtremeFinalTests-Info.plist";
				PRODUCT_NAME = "$(TARGET_NAME)";
				TEST_HOST = "$(BUNDLE_LOADER)";
				WRAPPER_EXTENSION = xctest;
			};
			name = Release;
		};
/* End XCBuildConfiguration section */

/* Begin XCConfigurationList section */
		1765B92318E2372700035E87 /* Build configuration list for PBXProject "iOXtremeFinal" */ = {
			isa = XCConfigurationList;
			buildConfigurations = (
				1765B95818E2372700035E87 /* Debug */,
				1765B95918E2372700035E87 /* Release */,
			);
			defaultConfigurationIsVisible = 0;
			defaultConfigurationName = Release;
		};
		1765B95A18E2372700035E87 /* Build configuration list for PBXNativeTarget "iOXtremeFinal" */ = {
			isa = XCConfigurationList;
			buildConfigurations = (
				1765B95B18E2372700035E87 /* Debug */,
				1765B95C18E2372700035E87 /* Release */,
			);
			defaultConfigurationIsVisible = 0;
			defaultConfigurationName = Release;
		};
		1765B95D18E2372700035E87 /* Build configuration list for PBXNativeTarget "iOXtremeFinalTests" */ = {
			isa = XCConfigurationList;
			buildConfigurations = (
				1765B95E18E2372700035E87 /* Debug */,
				1765B95F18E2372700035E87 /* Release */,
			);
			defaultConfigurationIsVisible = 0;
			defaultConfigurationName = Release;
		};
/* End XCConfigurationList section */
	};
	rootObject = 1765B92018E2372700035E87 /* Project object */;
}
